
Microsoft Visual Studio Solution File, Format Version 12.00
# Visual Studio Version 17
VisualStudioVersion = 17.5.002.0
MinimumVisualStudioVersion = 10.0.40219.1
Project("{9A19103F-16F7-4668-BE54-9A1E7A4F7556}") = "BibliotecaCorporativa.API", "BibliotecaCorporativa.API.csproj", "{5635E44F-EABD-42E5-9DAD-6F75367C4586}"
EndProject
Global
	GlobalSection(SolutionConfigurationPlatforms) = preSolution
		Debug|Any CPU = Debug|Any CPU
		Release|Any CPU = Release|Any CPU
	EndGlobalSection
	GlobalSection(ProjectConfigurationPlatforms) = postSolution
		{5635E44F-EABD-42E5-9DAD-6F75367C4586}.Debug|Any CPU.ActiveCfg = Debug|Any CPU
		{5635E44F-EABD-42E5-9DAD-6F75367C4586}.Debug|Any CPU.Build.0 = Debug|Any CPU
		{5635E44F-EABD-42E5-9DAD-6F75367C4586}.Release|Any CPU.ActiveCfg = Release|Any CPU
		{5635E44F-EABD-42E5-9DAD-6F75367C4586}.Release|Any CPU.Build.0 = Release|Any CPU
	EndGlobalSection
	GlobalSection(SolutionProperties) = preSolution
		HideSolutionNode = FALSE
	EndGlobalSection
	GlobalSection(ExtensibilityGlobals) = postSolution
		SolutionGuid = {7FEC5020-A7EB-4E41-A1D0-884CB5F81EF7}
	EndGlobalSection
EndGlobal
